
Microsoft Visual Studio Solution File, Format Version 12.00
# Visual Studio Version 16
VisualStudioVersion = 16.0.31205.134
MinimumVisualStudioVersion = 10.0.40219.1
Project("{FAE04EC0-301F-11D3-BF4B-00C04F79EFBC}") = "WebApplication1", "WebApplication1.csproj", "{611EBCD9-9091-4F6E-BB49-E65E0555CBBE}"
EndProject
Global
	GlobalSection(SolutionConfigurationPlatforms) = preSolution
		Debug|Any CPU = Debug|Any CPU
		Release|Any CPU = Release|Any CPU
	EndGlobalSection
	GlobalSection(ProjectConfigurationPlatforms) = postSolution
		{611EBCD9-9091-4F6E-BB49-E65E0555CBBE}.Debug|Any CPU.ActiveCfg = Debug|Any CPU
		{611EBCD9-9091-4F6E-BB49-E65E0555CBBE}.Debug|Any CPU.Build.0 = Debug|Any CPU
		{611EBCD9-9091-4F6E-BB49-E65E0555CBBE}.Release|Any CPU.ActiveCfg = Release|Any CPU
		{611EBCD9-9091-4F6E-BB49-E65E0555CBBE}.Release|Any CPU.Build.0 = Release|Any CPU
	EndGlobalSection
	GlobalSection(SolutionProperties) = preSolution
		HideSolutionNode = FALSE
	EndGlobalSection
	GlobalSection(ExtensibilityGlobals) = postSolution
		SolutionGuid = {3276BDA9-9AFF-4E3C-8D53-ECA3AB16F0A8}
	EndGlobalSection
EndGlobal
